PODS:
  - MobileVLCKit (3.3.17)
  - OBSlider (1.1.1)
  - TVVLCKit (3.3.17)
  - VLCKit (3.3.17)

DEPENDENCIES:
  - MobileVLCKit (~> 3.3.17)
  - OBSlider (~> 1.1.1)
  - TVVLCKit (~> 3.3.17)
  - VLCKit (~> 3.3.17)

SPEC REPOS:
  https://github.com/CocoaPods/Specs.git:
    - MobileVLCKit
    - OBSlider
    - TVVLCKit
    - VLCKit

SPEC CHECKSUMS:
  MobileVLCKit: c5dd1b0ae933dc9c2348099840e753496dcdd908
  OBSlider: 38853ebbb9cc6978a9b7ddc0d4f525588e8bb294
  TVVLCKit: 49e913b2e2d90ca538a84c012dd9281c7fa2cec0
  VLCKit: 21651e881f19774ecf9a86ca2c2010859fe68a08

PODFILE CHECKSUM: fb18d9d7c598a454275de2a8c888e0d750b25a9c

COCOAPODS: 1.10.1
