PODS:
  - MobileVLCKit (3.3.18b9)
  - TVVLCKit (3.3.18b9)
  - VLCKit (3.3.18b9)

DEPENDENCIES:
  - MobileVLCKit (~> 3.3.18b9)
  - TVVLCKit (~> 3.3.18b9)
  - VLCKit (~> 3.3.18b9)

SPEC REPOS:
  https://github.com/CocoaPods/Specs:
    - MobileVLCKit
    - TVVLCKit
    - VLCKit

SPEC CHECKSUMS:
  MobileVLCKit: c92af2974e9e5c3c2cd1231ccde19a7cd7fc1dc9
  TVVLCKit: 338a310dddcb0bb03090103e583426e4d9f8d92c
  VLCKit: 5e2fed104745f4bc4f5519a4ed2ee9efee5c0540

PODFILE CHECKSUM: 6bca7e1864b2f937918b8e57fa290ab13272030e

COCOAPODS: 1.11.2
