PODS:
  - google-cast-sdk (4.6.1):
    - google-cast-sdk/Core (= 4.6.1)
    - Protobuf (~> 3.13)
  - google-cast-sdk/Core (4.6.1):
    - Protobuf (~> 3.13)
  - MobileVLCKit (3.3.17)
  - OBSlider (1.1.1)
  - Protobuf (3.17.0)
  - TVVLCKit (3.3.17)

DEPENDENCIES:
  - google-cast-sdk (~> 4.4)
  - MobileVLCKit (~> 3.3.17)
  - OBSlider (~> 1.1.1)
  - TVVLCKit (~> 3.3.17)

SPEC REPOS:
  https://github.com/CocoaPods/Specs.git:
    - google-cast-sdk
    - MobileVLCKit
    - OBSlider
    - Protobuf
    - TVVLCKit

SPEC CHECKSUMS:
  google-cast-sdk: 9fc76175641bc24ef2515e0263344bd2c5c4e75c
  MobileVLCKit: c5dd1b0ae933dc9c2348099840e753496dcdd908
  OBSlider: 38853ebbb9cc6978a9b7ddc0d4f525588e8bb294
  Protobuf: 7327d4444215b5f18e560a97f879ff5503c4581c
  TVVLCKit: 49e913b2e2d90ca538a84c012dd9281c7fa2cec0

PODFILE CHECKSUM: 2ac2e65dec6e859b0615b41cfc56cd450773fd2d

COCOAPODS: 1.10.1
